
Microsoft Visual Studio Solution File, Format Version 12.00
# Visual Studio Version 16
VisualStudioVersion = 16.0.30413.136
MinimumVisualStudioVersion = 10.0.40219.1
Project("{FAE04EC0-301F-11D3-BF4B-00C04F79EFBC}") = "ProjetoProgramacaoObjetos", "ProjetoProgramacaoObjetos\ProjetoProgramacaoObjetos.csproj", "{A603BEB1-486D-44A0-A7AA-B250AD2C9A77}"
EndProject
Global
	GlobalSection(SolutionConfigurationPlatforms) = preSolution
		Debug|Any CPU = Debug|Any CPU
		Release|Any CPU = Release|Any CPU
	EndGlobalSection
	GlobalSection(ProjectConfigurationPlatforms) = postSolution
		{A603BEB1-486D-44A0-A7AA-B250AD2C9A77}.Debug|Any CPU.ActiveCfg = Debug|Any CPU
		{A603BEB1-486D-44A0-A7AA-B250AD2C9A77}.Debug|Any CPU.Build.0 = Debug|Any CPU
		{A603BEB1-486D-44A0-A7AA-B250AD2C9A77}.Release|Any CPU.ActiveCfg = Release|Any CPU
		{A603BEB1-486D-44A0-A7AA-B250AD2C9A77}.Release|Any CPU.Build.0 = Release|Any CPU
	EndGlobalSection
	GlobalSection(SolutionProperties) = preSolution
		HideSolutionNode = FALSE
	EndGlobalSection
	GlobalSection(ExtensibilityGlobals) = postSolution
		SolutionGuid = {FAFD10AB-B2E5-4D29-A35A-5D3AF1BF093E}
	EndGlobalSection
EndGlobal
